
Microsoft Visual Studio Solution File, Format Version 12.00
# Visual Studio Version 17
VisualStudioVersion = 17.8.34511.84
MinimumVisualStudioVersion = 10.0.40219.1
Project("{9A19103F-16F7-4668-BE54-9A1E7A4F7556}") = "Erfpacht058-API", "Erfpacht058-API\Erfpacht058-API.csproj", "{3654BCE0-50A7-4D4E-87A5-8C00CA142D83}"
EndProject
Project("{FAE04EC0-301F-11D3-BF4B-00C04F79EFBC}") = "UnitTesting", "UnitTesting\UnitTesting.csproj", "{7AF99D30-7C31-42A3-B76F-3F9055B5861F}"
EndProject
Global
	GlobalSection(SolutionConfigurationPlatforms) = preSolution
		Debug|Any CPU = Debug|Any CPU
		Release|Any CPU = Release|Any CPU
	EndGlobalSection
	GlobalSection(ProjectConfigurationPlatforms) = postSolution
		{3654BCE0-50A7-4D4E-87A5-8C00CA142D83}.Debug|Any CPU.ActiveCfg = Debug|Any CPU
		{3654BCE0-50A7-4D4E-87A5-8C00CA142D83}.Debug|Any CPU.Build.0 = Debug|Any CPU
		{3654BCE0-50A7-4D4E-87A5-8C00CA142D83}.Release|Any CPU.ActiveCfg = Release|Any CPU
		{3654BCE0-50A7-4D4E-87A5-8C00CA142D83}.Release|Any CPU.Build.0 = Release|Any CPU
		{7AF99D30-7C31-42A3-B76F-3F9055B5861F}.Debug|Any CPU.ActiveCfg = Debug|Any CPU
		{7AF99D30-7C31-42A3-B76F-3F9055B5861F}.Debug|Any CPU.Build.0 = Debug|Any CPU
		{7AF99D30-7C31-42A3-B76F-3F9055B5861F}.Release|Any CPU.ActiveCfg = Release|Any CPU
		{7AF99D30-7C31-42A3-B76F-3F9055B5861F}.Release|Any CPU.Build.0 = Release|Any CPU
	EndGlobalSection
	GlobalSection(SolutionProperties) = preSolution
		HideSolutionNode = FALSE
	EndGlobalSection
	GlobalSection(ExtensibilityGlobals) = postSolution
		SolutionGuid = {514A2D4A-A58C-48ED-942E-C2E60FAAFEF7}
	EndGlobalSection
EndGlobal
